
Microsoft Visual Studio Solution File, Format Version 12.00
# Visual Studio Version 17
VisualStudioVersion = 17.14.36804.6
MinimumVisualStudioVersion = 10.0.40219.1
Project("{FAE04EC0-301F-11D3-BF4B-00C04F79EFBC}") = "FinanceManager2.0", "FinanceManager2.0.csproj", "{F72D11BB-227E-450C-907E-79593A909F27}"
EndProject
Project("{FAE04EC0-301F-11D3-BF4B-00C04F79EFBC}") = "FinanceManager.Tests", "Tests\FinanceManager.Tests\FinanceManager.Tests.csproj", "{B7086B02-32F3-B4C0-42D3-1A02562ED99F}"
EndProject
Global
	GlobalSection(SolutionConfigurationPlatforms) = preSolution
		Debug|Any CPU = Debug|Any CPU
		Release|Any CPU = Release|Any CPU
	EndGlobalSection
	GlobalSection(ProjectConfigurationPlatforms) = postSolution
		{F72D11BB-227E-450C-907E-79593A909F27}.Debug|Any CPU.ActiveCfg = Debug|Any CPU
		{F72D11BB-227E-450C-907E-79593A909F27}.Debug|Any CPU.Build.0 = Debug|Any CPU
		{F72D11BB-227E-450C-907E-79593A909F27}.Release|Any CPU.ActiveCfg = Release|Any CPU
		{F72D11BB-227E-450C-907E-79593A909F27}.Release|Any CPU.Build.0 = Release|Any CPU
		{B7086B02-32F3-B4C0-42D3-1A02562ED99F}.Debug|Any CPU.ActiveCfg = Debug|Any CPU
		{B7086B02-32F3-B4C0-42D3-1A02562ED99F}.Debug|Any CPU.Build.0 = Debug|Any CPU
		{B7086B02-32F3-B4C0-42D3-1A02562ED99F}.Release|Any CPU.ActiveCfg = Release|Any CPU
		{B7086B02-32F3-B4C0-42D3-1A02562ED99F}.Release|Any CPU.Build.0 = Release|Any CPU
	EndGlobalSection
	GlobalSection(SolutionProperties) = preSolution
		HideSolutionNode = FALSE
	EndGlobalSection
	GlobalSection(ExtensibilityGlobals) = postSolution
		SolutionGuid = {346516E3-B5BA-4F07-A910-29613017B344}
	EndGlobalSection
EndGlobal
